
Microsoft Visual Studio Solution File, Format Version 12.00
Project("{FAE04EC0-301F-11D3-BF4B-00C04F79EFBC}") = "BlindHelper", "BlindHelper\BlindHelper.csproj", "{B177A501-0F39-42A4-9DB1-76A47345A676}"
EndProject
Global
	GlobalSection(SolutionConfigurationPlatforms) = preSolution
		Debug|Any CPU = Debug|Any CPU
		Release|Any CPU = Release|Any CPU
	EndGlobalSection
	GlobalSection(ProjectConfigurationPlatforms) = postSolution
		{B177A501-0F39-42A4-9DB1-76A47345A676}.Debug|Any CPU.ActiveCfg = Debug|Any CPU
		{B177A501-0F39-42A4-9DB1-76A47345A676}.Debug|Any CPU.Build.0 = Debug|Any CPU
		{B177A501-0F39-42A4-9DB1-76A47345A676}.Release|Any CPU.ActiveCfg = Release|Any CPU
		{B177A501-0F39-42A4-9DB1-76A47345A676}.Release|Any CPU.Build.0 = Release|Any CPU
	EndGlobalSection
EndGlobal
